
Microsoft Visual Studio Solution File, Format Version 12.00
# Visual Studio 14
VisualStudioVersion = 14.0.25420.1
MinimumVisualStudioVersion = 10.0.40219.1
Project("{8BC9CEB8-8B4A-11D0-8D11-00A0C91BC942}") = "GlLib", "GlLib\GlLib.vcxproj", "{F0AEFBA5-46F8-4BBB-863B-885BF0298255}"
EndProject
Project("{8BC9CEB8-8B4A-11D0-8D11-00A0C91BC942}") = "RenderLib", "RenderLib\RenderLib.vcxproj", "{EB6380FB-0FDD-4058-8834-07CF8F1C3CD2}"
	ProjectSection(ProjectDependencies) = postProject
		{F0AEFBA5-46F8-4BBB-863B-885BF0298255} = {F0AEFBA5-46F8-4BBB-863B-885BF0298255}
	EndProjectSection
EndProject
Project("{8BC9CEB8-8B4A-11D0-8D11-00A0C91BC942}") = "FreeType", "FreeType\FreeType.vcxproj", "{A2F55F58-C37F-4ED9-B66C-8C95DFA85FFF}"
EndProject
Project("{8BC9CEB8-8B4A-11D0-8D11-00A0C91BC942}") = "AndroidUtils", "AndroidUtils\AndroidUtils.vcxproj", "{966DAD56-E3B4-4795-8B4A-7535F2BCAEF0}"
	ProjectSection(ProjectDependencies) = postProject
		{A2F55F58-C37F-4ED9-B66C-8C95DFA85FFF} = {A2F55F58-C37F-4ED9-B66C-8C95DFA85FFF}
		{EB6380FB-0FDD-4058-8834-07CF8F1C3CD2} = {EB6380FB-0FDD-4058-8834-07CF8F1C3CD2}
	EndProjectSection
EndProject
Project("{2150E333-8FDC-42A3-9474-1A3956D46DE8}") = "StarMapTestApp", "StarMapTestApp", "{301196C2-E0DF-4AB7-8B31-6EFF462F6F2F}"
EndProject
Project("{39E2626F-3545-4960-A6E8-258AD8476CE5}") = "StarMapTestApp", "StarMapTestApp\StarMapTestApp\StarMapTestApp.androidproj", "{5BC206FC-7D4D-43C6-82F5-88BE85CA9177}"
EndProject
Project("{8BC9CEB8-8B4A-11D0-8D11-00A0C91BC942}") = "StarMapTestApp.NativeActivity", "StarMapTestApp\StarMapTestApp.NativeActivity\StarMapTestApp.NativeActivity.vcxproj", "{C3D87FD3-F357-4C22-BDF6-8C3219297FD6}"
	ProjectSection(ProjectDependencies) = postProject
		{B687B03C-65BC-44D0-8AE2-E5E8BA344172} = {B687B03C-65BC-44D0-8AE2-E5E8BA344172}
		{966DAD56-E3B4-4795-8B4A-7535F2BCAEF0} = {966DAD56-E3B4-4795-8B4A-7535F2BCAEF0}
	EndProjectSection
EndProject
Project("{8BC9CEB8-8B4A-11D0-8D11-00A0C91BC942}") = "StarMapLib", "StarMapLib\StarMapLib.vcxproj", "{B687B03C-65BC-44D0-8AE2-E5E8BA344172}"
	ProjectSection(ProjectDependencies) = postProject
		{EB6380FB-0FDD-4058-8834-07CF8F1C3CD2} = {EB6380FB-0FDD-4058-8834-07CF8F1C3CD2}
	EndProjectSection
EndProject
Project("{2150E333-8FDC-42A3-9474-1A3956D46DE8}") = "Android", "Android", "{B69F8E47-8AE6-422F-8A21-BD2CFB60EB3F}"
EndProject
Project("{2150E333-8FDC-42A3-9474-1A3956D46DE8}") = "RenderLibTestApp", "RenderLibTestApp", "{0CCBD5EE-5A18-4448-A7D3-4EBDF579C21F}"
EndProject
Project("{8BC9CEB8-8B4A-11D0-8D11-00A0C91BC942}") = "RenderLibTestApp.NativeActivity", "RenderLibTestApp\RenderLibTestApp.NativeActivity\RenderLibTestApp.NativeActivity.vcxproj", "{023CD867-EC4C-4939-A248-A729B7A15F52}"
	ProjectSection(ProjectDependencies) = postProject
		{EB6380FB-0FDD-4058-8834-07CF8F1C3CD2} = {EB6380FB-0FDD-4058-8834-07CF8F1C3CD2}
	EndProjectSection
EndProject
Project("{39E2626F-3545-4960-A6E8-258AD8476CE5}") = "RenderLibTestApp", "RenderLibTestApp\RenderLibTestApp\RenderLibTestApp.androidproj", "{10DD81DC-585F-4214-982B-ECC6A7217987}"
EndProject
Global
	GlobalSection(SolutionConfigurationPlatforms) = preSolution
		Debug|Android - x64 = Debug|Android - x64
		Debug|Android - x86 = Debug|Android - x86
		Debug|ARM = Debug|ARM
		Debug|ARM64 = Debug|ARM64
		Release|Android - x64 = Release|Android - x64
		Release|Android - x86 = Release|Android - x86
		Release|ARM = Release|ARM
		Release|ARM64 = Release|ARM64
	EndGlobalSection
	GlobalSection(ProjectConfigurationPlatforms) = postSolution
		{F0AEFBA5-46F8-4BBB-863B-885BF0298255}.Debug|Android - x64.ActiveCfg = Debug|x64
		{F0AEFBA5-46F8-4BBB-863B-885BF0298255}.Debug|Android - x64.Build.0 = Debug|x64
		{F0AEFBA5-46F8-4BBB-863B-885BF0298255}.Debug|Android - x86.ActiveCfg = Debug|x86
		{F0AEFBA5-46F8-4BBB-863B-885BF0298255}.Debug|Android - x86.Build.0 = Debug|x86
		{F0AEFBA5-46F8-4BBB-863B-885BF0298255}.Debug|ARM.ActiveCfg = Debug|ARM
		{F0AEFBA5-46F8-4BBB-863B-885BF0298255}.Debug|ARM.Build.0 = Debug|ARM
		{F0AEFBA5-46F8-4BBB-863B-885BF0298255}.Debug|ARM64.ActiveCfg = Debug|ARM64
		{F0AEFBA5-46F8-4BBB-863B-885BF0298255}.Debug|ARM64.Build.0 = Debug|ARM64
		{F0AEFBA5-46F8-4BBB-863B-885BF0298255}.Release|Android - x64.ActiveCfg = Release|x64
		{F0AEFBA5-46F8-4BBB-863B-885BF0298255}.Release|Android - x64.Build.0 = Release|x64
		{F0AEFBA5-46F8-4BBB-863B-885BF0298255}.Release|Android - x86.ActiveCfg = Release|x86
		{F0AEFBA5-46F8-4BBB-863B-885BF0298255}.Release|Android - x86.Build.0 = Release|x86
		{F0AEFBA5-46F8-4BBB-863B-885BF0298255}.Release|ARM.ActiveCfg = Release|ARM
		{F0AEFBA5-46F8-4BBB-863B-885BF0298255}.Release|ARM.Build.0 = Release|ARM
		{F0AEFBA5-46F8-4BBB-863B-885BF0298255}.Release|ARM64.ActiveCfg = Release|ARM64
		{F0AEFBA5-46F8-4BBB-863B-885BF0298255}.Release|ARM64.Build.0 = Release|ARM64
		{EB6380FB-0FDD-4058-8834-07CF8F1C3CD2}.Debug|Android - x64.ActiveCfg = Debug|x64
		{EB6380FB-0FDD-4058-8834-07CF8F1C3CD2}.Debug|Android - x64.Build.0 = Debug|x64
		{EB6380FB-0FDD-4058-8834-07CF8F1C3CD2}.Debug|Android - x86.ActiveCfg = Debug|x86
		{EB6380FB-0FDD-4058-8834-07CF8F1C3CD2}.Debug|Android - x86.Build.0 = Debug|x86
		{EB6380FB-0FDD-4058-8834-07CF8F1C3CD2}.Debug|ARM.ActiveCfg = Debug|ARM
		{EB6380FB-0FDD-4058-8834-07CF8F1C3CD2}.Debug|ARM.Build.0 = Debug|ARM
		{EB6380FB-0FDD-4058-8834-07CF8F1C3CD2}.Debug|ARM64.ActiveCfg = Debug|ARM64
		{EB6380FB-0FDD-4058-8834-07CF8F1C3CD2}.Debug|ARM64.Build.0 = Debug|ARM64
		{EB6380FB-0FDD-4058-8834-07CF8F1C3CD2}.Release|Android - x64.ActiveCfg = Release|x64
		{EB6380FB-0FDD-4058-8834-07CF8F1C3CD2}.Release|Android - x64.Build.0 = Release|x64
		{EB6380FB-0FDD-4058-8834-07CF8F1C3CD2}.Release|Android - x86.ActiveCfg = Release|x86
		{EB6380FB-0FDD-4058-8834-07CF8F1C3CD2}.Release|Android - x86.Build.0 = Release|x86
		{EB6380FB-0FDD-4058-8834-07CF8F1C3CD2}.Release|ARM.ActiveCfg = Release|ARM
		{EB6380FB-0FDD-4058-8834-07CF8F1C3CD2}.Release|ARM.Build.0 = Release|ARM
		{EB6380FB-0FDD-4058-8834-07CF8F1C3CD2}.Release|ARM64.ActiveCfg = Release|ARM64
		{EB6380FB-0FDD-4058-8834-07CF8F1C3CD2}.Release|ARM64.Build.0 = Release|ARM64
		{A2F55F58-C37F-4ED9-B66C-8C95DFA85FFF}.Debug|Android - x64.ActiveCfg = Debug|x64
		{A2F55F58-C37F-4ED9-B66C-8C95DFA85FFF}.Debug|Android - x64.Build.0 = Debug|x64
		{A2F55F58-C37F-4ED9-B66C-8C95DFA85FFF}.Debug|Android - x86.ActiveCfg = Debug|x86
		{A2F55F58-C37F-4ED9-B66C-8C95DFA85FFF}.Debug|Android - x86.Build.0 = Debug|x86
		{A2F55F58-C37F-4ED9-B66C-8C95DFA85FFF}.Debug|ARM.ActiveCfg = Debug|ARM
		{A2F55F58-C37F-4ED9-B66C-8C95DFA85FFF}.Debug|ARM.Build.0 = Debug|ARM
		{A2F55F58-C37F-4ED9-B66C-8C95DFA85FFF}.Debug|ARM64.ActiveCfg = Debug|ARM64
		{A2F55F58-C37F-4ED9-B66C-8C95DFA85FFF}.Debug|ARM64.Build.0 = Debug|ARM64
		{A2F55F58-C37F-4ED9-B66C-8C95DFA85FFF}.Release|Android - x64.ActiveCfg = Release|x64
		{A2F55F58-C37F-4ED9-B66C-8C95DFA85FFF}.Release|Android - x64.Build.0 = Release|x64
		{A2F55F58-C37F-4ED9-B66C-8C95DFA85FFF}.Release|Android - x86.ActiveCfg = Release|x86
		{A2F55F58-C37F-4ED9-B66C-8C95DFA85FFF}.Release|Android - x86.Build.0 = Release|x86
		{A2F55F58-C37F-4ED9-B66C-8C95DFA85FFF}.Release|ARM.ActiveCfg = Release|ARM
		{A2F55F58-C37F-4ED9-B66C-8C95DFA85FFF}.Release|ARM.Build.0 = Release|ARM
		{A2F55F58-C37F-4ED9-B66C-8C95DFA85FFF}.Release|ARM64.ActiveCfg = Release|ARM64
		{A2F55F58-C37F-4ED9-B66C-8C95DFA85FFF}.Release|ARM64.Build.0 = Release|ARM64
		{966DAD56-E3B4-4795-8B4A-7535F2BCAEF0}.Debug|Android - x64.ActiveCfg = Debug|x64
		{966DAD56-E3B4-4795-8B4A-7535F2BCAEF0}.Debug|Android - x64.Build.0 = Debug|x64
		{966DAD56-E3B4-4795-8B4A-7535F2BCAEF0}.Debug|Android - x86.ActiveCfg = Debug|x86
		{966DAD56-E3B4-4795-8B4A-7535F2BCAEF0}.Debug|Android - x86.Build.0 = Debug|x86
		{966DAD56-E3B4-4795-8B4A-7535F2BCAEF0}.Debug|ARM.ActiveCfg = Debug|ARM
		{966DAD56-E3B4-4795-8B4A-7535F2BCAEF0}.Debug|ARM.Build.0 = Debug|ARM
		{966DAD56-E3B4-4795-8B4A-7535F2BCAEF0}.Debug|ARM64.ActiveCfg = Debug|ARM64
		{966DAD56-E3B4-4795-8B4A-7535F2BCAEF0}.Debug|ARM64.Build.0 = Debug|ARM64
		{966DAD56-E3B4-4795-8B4A-7535F2BCAEF0}.Release|Android - x64.ActiveCfg = Release|x64
		{966DAD56-E3B4-4795-8B4A-7535F2BCAEF0}.Release|Android - x64.Build.0 = Release|x64
		{966DAD56-E3B4-4795-8B4A-7535F2BCAEF0}.Release|Android - x86.ActiveCfg = Release|x86
		{966DAD56-E3B4-4795-8B4A-7535F2BCAEF0}.Release|Android - x86.Build.0 = Release|x86
		{966DAD56-E3B4-4795-8B4A-7535F2BCAEF0}.Release|ARM.ActiveCfg = Release|ARM
		{966DAD56-E3B4-4795-8B4A-7535F2BCAEF0}.Release|ARM.Build.0 = Release|ARM
		{966DAD56-E3B4-4795-8B4A-7535F2BCAEF0}.Release|ARM64.ActiveCfg = Release|ARM64
		{966DAD56-E3B4-4795-8B4A-7535F2BCAEF0}.Release|ARM64.Build.0 = Release|ARM64
		{5BC206FC-7D4D-43C6-82F5-88BE85CA9177}.Debug|Android - x64.ActiveCfg = Debug|x64
		{5BC206FC-7D4D-43C6-82F5-88BE85CA9177}.Debug|Android - x64.Build.0 = Debug|x64
		{5BC206FC-7D4D-43C6-82F5-88BE85CA9177}.Debug|Android - x64.Deploy.0 = Debug|x64
		{5BC206FC-7D4D-43C6-82F5-88BE85CA9177}.Debug|Android - x86.ActiveCfg = Debug|x86
		{5BC206FC-7D4D-43C6-82F5-88BE85CA9177}.Debug|Android - x86.Build.0 = Debug|x86
		{5BC206FC-7D4D-43C6-82F5-88BE85CA9177}.Debug|Android - x86.Deploy.0 = Debug|x86
		{5BC206FC-7D4D-43C6-82F5-88BE85CA9177}.Debug|ARM.ActiveCfg = Debug|ARM
		{5BC206FC-7D4D-43C6-82F5-88BE85CA9177}.Debug|ARM.Build.0 = Debug|ARM
		{5BC206FC-7D4D-43C6-82F5-88BE85CA9177}.Debug|ARM.Deploy.0 = Debug|ARM
		{5BC206FC-7D4D-43C6-82F5-88BE85CA9177}.Debug|ARM64.ActiveCfg = Debug|ARM64
		{5BC206FC-7D4D-43C6-82F5-88BE85CA9177}.Debug|ARM64.Build.0 = Debug|ARM64
		{5BC206FC-7D4D-43C6-82F5-88BE85CA9177}.Debug|ARM64.Deploy.0 = Debug|ARM64
		{5BC206FC-7D4D-43C6-82F5-88BE85CA9177}.Release|Android - x64.ActiveCfg = Release|x64
		{5BC206FC-7D4D-43C6-82F5-88BE85CA9177}.Release|Android - x64.Build.0 = Release|x64
		{5BC206FC-7D4D-43C6-82F5-88BE85CA9177}.Release|Android - x64.Deploy.0 = Release|x64
		{5BC206FC-7D4D-43C6-82F5-88BE85CA9177}.Release|Android - x86.ActiveCfg = Release|x86
		{5BC206FC-7D4D-43C6-82F5-88BE85CA9177}.Release|Android - x86.Build.0 = Release|x86
		{5BC206FC-7D4D-43C6-82F5-88BE85CA9177}.Release|Android - x86.Deploy.0 = Release|x86
		{5BC206FC-7D4D-43C6-82F5-88BE85CA9177}.Release|ARM.ActiveCfg = Release|ARM
		{5BC206FC-7D4D-43C6-82F5-88BE85CA9177}.Release|ARM.Build.0 = Release|ARM
		{5BC206FC-7D4D-43C6-82F5-88BE85CA9177}.Release|ARM.Deploy.0 = Release|ARM
		{5BC206FC-7D4D-43C6-82F5-88BE85CA9177}.Release|ARM64.ActiveCfg = Release|ARM64
		{5BC206FC-7D4D-43C6-82F5-88BE85CA9177}.Release|ARM64.Build.0 = Release|ARM64
		{5BC206FC-7D4D-43C6-82F5-88BE85CA9177}.Release|ARM64.Deploy.0 = Release|ARM64
		{C3D87FD3-F357-4C22-BDF6-8C3219297FD6}.Debug|Android - x64.ActiveCfg = Debug|x64
		{C3D87FD3-F357-4C22-BDF6-8C3219297FD6}.Debug|Android - x64.Build.0 = Debug|x64
		{C3D87FD3-F357-4C22-BDF6-8C3219297FD6}.Debug|Android - x86.ActiveCfg = Debug|x86
		{C3D87FD3-F357-4C22-BDF6-8C3219297FD6}.Debug|Android - x86.Build.0 = Debug|x86
		{C3D87FD3-F357-4C22-BDF6-8C3219297FD6}.Debug|ARM.ActiveCfg = Debug|ARM
		{C3D87FD3-F357-4C22-BDF6-8C3219297FD6}.Debug|ARM.Build.0 = Debug|ARM
		{C3D87FD3-F357-4C22-BDF6-8C3219297FD6}.Debug|ARM64.ActiveCfg = Debug|ARM64
		{C3D87FD3-F357-4C22-BDF6-8C3219297FD6}.Debug|ARM64.Build.0 = Debug|ARM64
		{C3D87FD3-F357-4C22-BDF6-8C3219297FD6}.Release|Android - x64.ActiveCfg = Release|x64
		{C3D87FD3-F357-4C22-BDF6-8C3219297FD6}.Release|Android - x64.Build.0 = Release|x64
		{C3D87FD3-F357-4C22-BDF6-8C3219297FD6}.Release|Android - x86.ActiveCfg = Release|x86
		{C3D87FD3-F357-4C22-BDF6-8C3219297FD6}.Release|Android - x86.Build.0 = Release|x86
		{C3D87FD3-F357-4C22-BDF6-8C3219297FD6}.Release|ARM.ActiveCfg = Release|ARM
		{C3D87FD3-F357-4C22-BDF6-8C3219297FD6}.Release|ARM.Build.0 = Release|ARM
		{C3D87FD3-F357-4C22-BDF6-8C3219297FD6}.Release|ARM64.ActiveCfg = Release|ARM64
		{C3D87FD3-F357-4C22-BDF6-8C3219297FD6}.Release|ARM64.Build.0 = Release|ARM64
		{B687B03C-65BC-44D0-8AE2-E5E8BA344172}.Debug|Android - x64.ActiveCfg = Debug|x64
		{B687B03C-65BC-44D0-8AE2-E5E8BA344172}.Debug|Android - x64.Build.0 = Debug|x64
		{B687B03C-65BC-44D0-8AE2-E5E8BA344172}.Debug|Android - x86.ActiveCfg = Debug|x86
		{B687B03C-65BC-44D0-8AE2-E5E8BA344172}.Debug|Android - x86.Build.0 = Debug|x86
		{B687B03C-65BC-44D0-8AE2-E5E8BA344172}.Debug|ARM.ActiveCfg = Debug|ARM
		{B687B03C-65BC-44D0-8AE2-E5E8BA344172}.Debug|ARM.Build.0 = Debug|ARM
		{B687B03C-65BC-44D0-8AE2-E5E8BA344172}.Debug|ARM64.ActiveCfg = Debug|ARM64
		{B687B03C-65BC-44D0-8AE2-E5E8BA344172}.Debug|ARM64.Build.0 = Debug|ARM64
		{B687B03C-65BC-44D0-8AE2-E5E8BA344172}.Release|Android - x64.ActiveCfg = Release|x64
		{B687B03C-65BC-44D0-8AE2-E5E8BA344172}.Release|Android - x64.Build.0 = Release|x64
		{B687B03C-65BC-44D0-8AE2-E5E8BA344172}.Release|Android - x86.ActiveCfg = Release|x86
		{B687B03C-65BC-44D0-8AE2-E5E8BA344172}.Release|Android - x86.Build.0 = Release|x86
		{B687B03C-65BC-44D0-8AE2-E5E8BA344172}.Release|ARM.ActiveCfg = Release|ARM
		{B687B03C-65BC-44D0-8AE2-E5E8BA344172}.Release|ARM.Build.0 = Release|ARM
		{B687B03C-65BC-44D0-8AE2-E5E8BA344172}.Release|ARM64.ActiveCfg = Release|ARM64
		{B687B03C-65BC-44D0-8AE2-E5E8BA344172}.Release|ARM64.Build.0 = Release|ARM64
		{023CD867-EC4C-4939-A248-A729B7A15F52}.Debug|Android - x64.ActiveCfg = Debug|x86
		{023CD867-EC4C-4939-A248-A729B7A15F52}.Debug|Android - x64.Build.0 = Debug|x86
		{023CD867-EC4C-4939-A248-A729B7A15F52}.Debug|Android - x86.ActiveCfg = Debug|x86
		{023CD867-EC4C-4939-A248-A729B7A15F52}.Debug|Android - x86.Build.0 = Debug|x86
		{023CD867-EC4C-4939-A248-A729B7A15F52}.Debug|ARM.ActiveCfg = Debug|ARM
		{023CD867-EC4C-4939-A248-A729B7A15F52}.Debug|ARM.Build.0 = Debug|ARM
		{023CD867-EC4C-4939-A248-A729B7A15F52}.Debug|ARM64.ActiveCfg = Debug|ARM64
		{023CD867-EC4C-4939-A248-A729B7A15F52}.Debug|ARM64.Build.0 = Debug|ARM64
		{023CD867-EC4C-4939-A248-A729B7A15F52}.Release|Android - x64.ActiveCfg = Release|x86
		{023CD867-EC4C-4939-A248-A729B7A15F52}.Release|Android - x64.Build.0 = Release|x86
		{023CD867-EC4C-4939-A248-A729B7A15F52}.Release|Android - x86.ActiveCfg = Release|x86
		{023CD867-EC4C-4939-A248-A729B7A15F52}.Release|Android - x86.Build.0 = Release|x86
		{023CD867-EC4C-4939-A248-A729B7A15F52}.Release|ARM.ActiveCfg = Release|ARM
		{023CD867-EC4C-4939-A248-A729B7A15F52}.Release|ARM.Build.0 = Release|ARM
		{023CD867-EC4C-4939-A248-A729B7A15F52}.Release|ARM64.ActiveCfg = Release|ARM64
		{023CD867-EC4C-4939-A248-A729B7A15F52}.Release|ARM64.Build.0 = Release|ARM64
		{10DD81DC-585F-4214-982B-ECC6A7217987}.Debug|Android - x64.ActiveCfg = Debug|x86
		{10DD81DC-585F-4214-982B-ECC6A7217987}.Debug|Android - x64.Build.0 = Debug|x86
		{10DD81DC-585F-4214-982B-ECC6A7217987}.Debug|Android - x64.Deploy.0 = Debug|x86
		{10DD81DC-585F-4214-982B-ECC6A7217987}.Debug|Android - x86.ActiveCfg = Debug|x86
		{10DD81DC-585F-4214-982B-ECC6A7217987}.Debug|Android - x86.Build.0 = Debug|x86
		{10DD81DC-585F-4214-982B-ECC6A7217987}.Debug|Android - x86.Deploy.0 = Debug|x86
		{10DD81DC-585F-4214-982B-ECC6A7217987}.Debug|ARM.ActiveCfg = Debug|ARM
		{10DD81DC-585F-4214-982B-ECC6A7217987}.Debug|ARM.Build.0 = Debug|ARM
		{10DD81DC-585F-4214-982B-ECC6A7217987}.Debug|ARM.Deploy.0 = Debug|ARM
		{10DD81DC-585F-4214-982B-ECC6A7217987}.Debug|ARM64.ActiveCfg = Debug|ARM64
		{10DD81DC-585F-4214-982B-ECC6A7217987}.Debug|ARM64.Build.0 = Debug|ARM64
		{10DD81DC-585F-4214-982B-ECC6A7217987}.Debug|ARM64.Deploy.0 = Debug|ARM64
		{10DD81DC-585F-4214-982B-ECC6A7217987}.Release|Android - x64.ActiveCfg = Release|x86
		{10DD81DC-585F-4214-982B-ECC6A7217987}.Release|Android - x64.Build.0 = Release|x86
		{10DD81DC-585F-4214-982B-ECC6A7217987}.Release|Android - x64.Deploy.0 = Release|x86
		{10DD81DC-585F-4214-982B-ECC6A7217987}.Release|Android - x86.ActiveCfg = Release|x86
		{10DD81DC-585F-4214-982B-ECC6A7217987}.Release|Android - x86.Build.0 = Release|x86
		{10DD81DC-585F-4214-982B-ECC6A7217987}.Release|Android - x86.Deploy.0 = Release|x86
		{10DD81DC-585F-4214-982B-ECC6A7217987}.Release|ARM.ActiveCfg = Release|ARM
		{10DD81DC-585F-4214-982B-ECC6A7217987}.Release|ARM.Build.0 = Release|ARM
		{10DD81DC-585F-4214-982B-ECC6A7217987}.Release|ARM.Deploy.0 = Release|ARM
		{10DD81DC-585F-4214-982B-ECC6A7217987}.Release|ARM64.ActiveCfg = Release|ARM64
		{10DD81DC-585F-4214-982B-ECC6A7217987}.Release|ARM64.Build.0 = Release|ARM64
		{10DD81DC-585F-4214-982B-ECC6A7217987}.Release|ARM64.Deploy.0 = Release|ARM64
	EndGlobalSection
	GlobalSection(SolutionProperties) = preSolution
		HideSolutionNode = FALSE
	EndGlobalSection
	GlobalSection(NestedProjects) = preSolution
		{F0AEFBA5-46F8-4BBB-863B-885BF0298255} = {B69F8E47-8AE6-422F-8A21-BD2CFB60EB3F}
		{EB6380FB-0FDD-4058-8834-07CF8F1C3CD2} = {B69F8E47-8AE6-422F-8A21-BD2CFB60EB3F}
		{A2F55F58-C37F-4ED9-B66C-8C95DFA85FFF} = {B69F8E47-8AE6-422F-8A21-BD2CFB60EB3F}
		{966DAD56-E3B4-4795-8B4A-7535F2BCAEF0} = {B69F8E47-8AE6-422F-8A21-BD2CFB60EB3F}
		{301196C2-E0DF-4AB7-8B31-6EFF462F6F2F} = {B69F8E47-8AE6-422F-8A21-BD2CFB60EB3F}
		{5BC206FC-7D4D-43C6-82F5-88BE85CA9177} = {301196C2-E0DF-4AB7-8B31-6EFF462F6F2F}
		{C3D87FD3-F357-4C22-BDF6-8C3219297FD6} = {301196C2-E0DF-4AB7-8B31-6EFF462F6F2F}
		{B687B03C-65BC-44D0-8AE2-E5E8BA344172} = {B69F8E47-8AE6-422F-8A21-BD2CFB60EB3F}
		{0CCBD5EE-5A18-4448-A7D3-4EBDF579C21F} = {B69F8E47-8AE6-422F-8A21-BD2CFB60EB3F}
		{023CD867-EC4C-4939-A248-A729B7A15F52} = {0CCBD5EE-5A18-4448-A7D3-4EBDF579C21F}
		{10DD81DC-585F-4214-982B-ECC6A7217987} = {0CCBD5EE-5A18-4448-A7D3-4EBDF579C21F}
	EndGlobalSection
EndGlobal
