<?xml version="1.0" encoding="utf-8"?>
<Project ToolsVersion="4.0" xmlns="http://schemas.microsoft.com/developer/msbuild/2003">
  <ItemGroup>
    <ClInclude Include="RenderLibPrerequisites.h">
      <Filter>Header Files</Filter>
    </ClInclude>
    <ClInclude Include="pch.h">
      <Filter>Header Files</Filter>
    </ClInclude>
    <ClInclude Include="Viewport.h">
      <Filter>Header Files</Filter>
    </ClInclude>
    <ClInclude Include="Camera.h">
      <Filter>Header Files</Filter>
    </ClInclude>
    <ClInclude Include="Object.h">
      <Filter>Header Files</Filter>
    </ClInclude>
    <ClInclude Include="Material.h">
      <Filter>Header Files</Filter>
    </ClInclude>
    <ClInclude Include="Mesh.h">
      <Filter>Header Files</Filter>
    </ClInclude>
    <ClInclude Include="Texture.h">
      <Filter>Header Files</Filter>
    </ClInclude>
    <ClInclude Include="ElementsList.h">
      <Filter>Header Files</Filter>
    </ClInclude>
    <ClInclude Include="StringUtils.h">
      <Filter>Header Files</Filter>
    </ClInclude>
    <ClInclude Include="Scene.h">
      <Filter>Header Files</Filter>
    </ClInclude>
    <ClInclude Include="Submesh.h">
      <Filter>Header Files</Filter>
    </ClInclude>
    <ClInclude Include="RenderTarget.h">
      <Filter>Header Files</Filter>
    </ClInclude>
    <ClInclude Include="RenderWindow.h">
      <Filter>Header Files</Filter>
    </ClInclude>
    <ClInclude Include="TextOverlay.h">
      <Filter>Header Files</Filter>
    </ClInclude>
    <ClInclude Include="Glyph.h">
      <Filter>Header Files</Filter>
    </ClInclude>
    <ClInclude Include="FontTexture.h">
      <Filter>Header Files</Filter>
    </ClInclude>
    <ClInclude Include="Font.h">
      <Filter>Header Files</Filter>
    </ClInclude>
    <ClInclude Include="OverlayRenderer.h">
      <Filter>Header Files</Filter>
    </ClInclude>
    <ClInclude Include="Billboard.h">
      <Filter>Header Files</Filter>
    </ClInclude>
    <ClInclude Include="UberShader.h">
      <Filter>Header Files</Filter>
    </ClInclude>
    <ClInclude Include="FlagCombination.h">
      <Filter>Header Files</Filter>
    </ClInclude>
    <ClInclude Include="Picking.h">
      <Filter>Header Files</Filter>
    </ClInclude>
    <ClInclude Include="Signal.h">
      <Filter>Header Files</Filter>
    </ClInclude>
    <ClInclude Include="Movable.h">
      <Filter>Header Files</Filter>
    </ClInclude>
    <ClInclude Include="PolyLine.h">
      <Filter>Header Files</Filter>
    </ClInclude>
    <ClInclude Include="Debug.h">
      <Filter>Header Files</Filter>
    </ClInclude>
    <ClInclude Include="LogUtils.h">
      <Filter>Header Files</Filter>
    </ClInclude>
    <ClInclude Include="stb_image.h">
      <Filter>Header Files</Filter>
    </ClInclude>
    <ClInclude Include="FontLoader.h">
      <Filter>Header Files</Filter>
    </ClInclude>
    <ClInclude Include="BillboardBuffer.h">
      <Filter>Header Files</Filter>
    </ClInclude>
    <ClInclude Include="RenderableContainer.h">
      <Filter>Header Files</Filter>
    </ClInclude>
    <ClInclude Include="CameraState.h">
      <Filter>Header Files</Filter>
    </ClInclude>
    <ClInclude Include="Angle.h">
      <Filter>Header Files</Filter>
    </ClInclude>
    <ClInclude Include="PickingRenderer.h">
      <Filter>Header Files</Filter>
    </ClInclude>
    <ClInclude Include="SceneRenderer.h">
      <Filter>Header Files</Filter>
    </ClInclude>
    <ClInclude Include="Range.h">
      <Filter>Header Files</Filter>
    </ClInclude>
    <ClInclude Include="RangedValue.h">
      <Filter>Header Files</Filter>
    </ClInclude>
    <ClInclude Include="Frustum.h">
      <Filter>Header Files</Filter>
    </ClInclude>
    <ClInclude Include="PlaneEquation.h">
      <Filter>Header Files</Filter>
    </ClInclude>
    <ClInclude Include="Logarithm.h">
      <Filter>Header Files</Filter>
    </ClInclude>
  </ItemGroup>
  <ItemGroup>
    <ClCompile Include="RenderLibPrerequisites.cpp">
      <Filter>Source Files</Filter>
    </ClCompile>
    <ClCompile Include="Mesh.cpp">
      <Filter>Source Files</Filter>
    </ClCompile>
    <ClCompile Include="Texture.cpp">
      <Filter>Source Files</Filter>
    </ClCompile>
    <ClCompile Include="StringUtils.cpp">
      <Filter>Source Files</Filter>
    </ClCompile>
    <ClCompile Include="Scene.cpp">
      <Filter>Source Files</Filter>
    </ClCompile>
    <ClCompile Include="Submesh.cpp">
      <Filter>Source Files</Filter>
    </ClCompile>
    <ClCompile Include="Viewport.cpp">
      <Filter>Source Files</Filter>
    </ClCompile>
    <ClCompile Include="RenderTarget.cpp">
      <Filter>Source Files</Filter>
    </ClCompile>
    <ClCompile Include="RenderWindow.cpp">
      <Filter>Source Files</Filter>
    </ClCompile>
    <ClCompile Include="Object.cpp">
      <Filter>Source Files</Filter>
    </ClCompile>
    <ClCompile Include="Camera.cpp">
      <Filter>Source Files</Filter>
    </ClCompile>
    <ClCompile Include="TextOverlay.cpp">
      <Filter>Source Files</Filter>
    </ClCompile>
    <ClCompile Include="FontTexture.cpp">
      <Filter>Source Files</Filter>
    </ClCompile>
    <ClCompile Include="Font.cpp">
      <Filter>Source Files</Filter>
    </ClCompile>
    <ClCompile Include="OverlayRenderer.cpp">
      <Filter>Source Files</Filter>
    </ClCompile>
    <ClCompile Include="Billboard.cpp">
      <Filter>Source Files</Filter>
    </ClCompile>
    <ClCompile Include="UberShader.cpp">
      <Filter>Source Files</Filter>
    </ClCompile>
    <ClCompile Include="Picking.cpp">
      <Filter>Source Files</Filter>
    </ClCompile>
    <ClCompile Include="Movable.cpp">
      <Filter>Source Files</Filter>
    </ClCompile>
    <ClCompile Include="PolyLine.cpp">
      <Filter>Source Files</Filter>
    </ClCompile>
    <ClCompile Include="Debug.cpp">
      <Filter>Source Files</Filter>
    </ClCompile>
    <ClCompile Include="BillboardBuffer.cpp">
      <Filter>Source Files</Filter>
    </ClCompile>
    <ClCompile Include="RenderableContainer.cpp">
      <Filter>Source Files</Filter>
    </ClCompile>
    <ClCompile Include="CameraState.cpp">
      <Filter>Source Files</Filter>
    </ClCompile>
    <ClCompile Include="SceneRenderer.cpp">
      <Filter>Source Files</Filter>
    </ClCompile>
    <ClCompile Include="PickingRenderer.cpp">
      <Filter>Source Files</Filter>
    </ClCompile>
    <ClCompile Include="PlaneEquation.cpp">
      <Filter>Source Files</Filter>
    </ClCompile>
    <ClCompile Include="Frustum.cpp">
      <Filter>Source Files</Filter>
    </ClCompile>
  </ItemGroup>
  <ItemGroup>
    <Filter Include="Header Files">
      <UniqueIdentifier>{247d6417-72d3-455f-8942-e5c67a80f179}</UniqueIdentifier>
    </Filter>
    <Filter Include="Source Files">
      <UniqueIdentifier>{256c2e1c-3ad4-4a12-b1c3-591dcfa03594}</UniqueIdentifier>
    </Filter>
  </ItemGroup>
</Project>