<?xml version="1.0" encoding="utf-8"?>
<Project ToolsVersion="4.0" xmlns="http://schemas.microsoft.com/developer/msbuild/2003">
  <ItemGroup>
    <ClInclude Include="Star.h">
      <Filter>Header Files</Filter>
    </ClInclude>
    <ClInclude Include="StarMapLibPrerequisites.h">
      <Filter>Header Files</Filter>
    </ClInclude>
    <ClInclude Include="pch.h">
      <Filter>Header Files</Filter>
    </ClInclude>
    <ClInclude Include="StarMap.h">
      <Filter>Header Files</Filter>
    </ClInclude>
    <ClInclude Include="ScreenEvents.h">
      <Filter>Header Files</Filter>
    </ClInclude>
    <ClInclude Include="StarMapState.h">
      <Filter>Header Files</Filter>
    </ClInclude>
    <ClInclude Include="CsvReader.h">
      <Filter>Header Files</Filter>
    </ClInclude>
    <ClInclude Include="Constellation.h">
      <Filter>Header Files</Filter>
    </ClInclude>
    <ClInclude Include="rapidxml\rapidxml.hpp">
      <Filter>Header Files\rapidxml</Filter>
    </ClInclude>
    <ClInclude Include="rapidxml\rapidxml_iterators.hpp">
      <Filter>Header Files\rapidxml</Filter>
    </ClInclude>
    <ClInclude Include="rapidxml\rapidxml_print.hpp">
      <Filter>Header Files\rapidxml</Filter>
    </ClInclude>
    <ClInclude Include="rapidxml\rapidxml_utils.hpp">
      <Filter>Header Files\rapidxml</Filter>
    </ClInclude>
    <ClInclude Include="XmlReader.h">
      <Filter>Header Files</Filter>
    </ClInclude>
    <ClInclude Include="ConstellationStar.h">
      <Filter>Header Files</Filter>
    </ClInclude>
    <ClInclude Include="StarHolder.h">
      <Filter>Header Files</Filter>
    </ClInclude>
  </ItemGroup>
  <ItemGroup>
    <Filter Include="Header Files">
      <UniqueIdentifier>{a406b516-438c-4f67-878d-a4fa566a9772}</UniqueIdentifier>
    </Filter>
    <Filter Include="Source Files">
      <UniqueIdentifier>{e296e54c-27fe-4c01-bb0d-16392068e667}</UniqueIdentifier>
    </Filter>
    <Filter Include="Header Files\rapidxml">
      <UniqueIdentifier>{055f8f4e-6f90-4621-87c1-5d3b47947886}</UniqueIdentifier>
    </Filter>
  </ItemGroup>
  <ItemGroup>
    <ClCompile Include="Star.cpp">
      <Filter>Source Files</Filter>
    </ClCompile>
    <ClCompile Include="StarMapLibPrerequisites.cpp">
      <Filter>Source Files</Filter>
    </ClCompile>
    <ClCompile Include="StarMap.cpp">
      <Filter>Source Files</Filter>
    </ClCompile>
    <ClCompile Include="ScreenEvents.cpp">
      <Filter>Source Files</Filter>
    </ClCompile>
    <ClCompile Include="CsvReader.cpp">
      <Filter>Source Files</Filter>
    </ClCompile>
    <ClCompile Include="Constellation.cpp">
      <Filter>Source Files</Filter>
    </ClCompile>
    <ClCompile Include="XmlReader.cpp">
      <Filter>Source Files</Filter>
    </ClCompile>
    <ClCompile Include="ConstellationStar.cpp">
      <Filter>Source Files</Filter>
    </ClCompile>
  </ItemGroup>
</Project>